
Microsoft Visual Studio Solution File, Format Version 12.00
# Visual Studio 15
VisualStudioVersion = 15.0.28010.2046
MinimumVisualStudioVersion = 10.0.40219.1
Project("{9A19103F-16F7-4668-BE54-9A1E7A4F7556}") = "CRMCoreAPI", "CoreAPI\CRMCoreAPI.csproj", "{185EC9A0-5F11-43DC-8F90-CE44E9C70A93}"
EndProject
Global
	GlobalSection(SolutionConfigurationPlatforms) = preSolution
		Debug|Any CPU = Debug|Any CPU
		Release|Any CPU = Release|Any CPU
	EndGlobalSection
	GlobalSection(ProjectConfigurationPlatforms) = postSolution
		{185EC9A0-5F11-43DC-8F90-CE44E9C70A93}.Debug|Any CPU.ActiveCfg = Debug|Any CPU
		{185EC9A0-5F11-43DC-8F90-CE44E9C70A93}.Debug|Any CPU.Build.0 = Debug|Any CPU
		{185EC9A0-5F11-43DC-8F90-CE44E9C70A93}.Release|Any CPU.ActiveCfg = Release|Any CPU
		{185EC9A0-5F11-43DC-8F90-CE44E9C70A93}.Release|Any CPU.Build.0 = Release|Any CPU
	EndGlobalSection
	GlobalSection(SolutionProperties) = preSolution
		HideSolutionNode = FALSE
	EndGlobalSection
	GlobalSection(ExtensibilityGlobals) = postSolution
		SolutionGuid = {1A0DB743-282E-4F9F-9159-63C345714AAE}
	EndGlobalSection
	GlobalSection(TeamFoundationVersionControl) = preSolution
		SccNumberOfProjects = 2
		SccEnterpriseProvider = {4CA58AB2-18FA-4F8D-95D4-32DDF27D184C}
		SccTeamFoundationServer = http://talygenserver:8080/tfs/defaultcollection
		SccLocalPath0 = .
		SccProjectUniqueName1 = CoreAPI\\CRMCoreAPI.csproj
		SccProjectName1 = CoreAPI
		SccLocalPath1 = CoreAPI
	EndGlobalSection
EndGlobal
